
Microsoft Visual Studio Solution File, Format Version 12.00
# Visual Studio Version 17
VisualStudioVersion = 17.6.33723.286
MinimumVisualStudioVersion = 10.0.40219.1
Project("{FAE04EC0-301F-11D3-BF4B-00C04F79EFBC}") = "Sample1_CreatingAndStartingTasks", "Sample1_CreatingAndStartingTasks.csproj", "{2A1C9793-C5E8-4654-A8D1-DBA777DB8949}"
EndProject
Global
	GlobalSection(SolutionConfigurationPlatforms) = preSolution
		Debug|Any CPU = Debug|Any CPU
		Release|Any CPU = Release|Any CPU
	EndGlobalSection
	GlobalSection(ProjectConfigurationPlatforms) = postSolution
		{2A1C9793-C5E8-4654-A8D1-DBA777DB8949}.Debug|Any CPU.ActiveCfg = Debug|Any CPU
		{2A1C9793-C5E8-4654-A8D1-DBA777DB8949}.Debug|Any CPU.Build.0 = Debug|Any CPU
		{2A1C9793-C5E8-4654-A8D1-DBA777DB8949}.Release|Any CPU.ActiveCfg = Release|Any CPU
		{2A1C9793-C5E8-4654-A8D1-DBA777DB8949}.Release|Any CPU.Build.0 = Release|Any CPU
	EndGlobalSection
	GlobalSection(SolutionProperties) = preSolution
		HideSolutionNode = FALSE
	EndGlobalSection
	GlobalSection(ExtensibilityGlobals) = postSolution
		SolutionGuid = {DCEDFEB6-E6A7-4D30-B4C3-2B697BCC83AC}
	EndGlobalSection
EndGlobal
